
Microsoft Visual Studio Solution File, Format Version 12.00
# Visual Studio Version 17
VisualStudioVersion = 17.9.34728.123
MinimumVisualStudioVersion = 10.0.40219.1
Project("{FAE04EC0-301F-11D3-BF4B-00C04F79EFBC}") = "Track Meet", "Track Meet\Track Meet.csproj", "{6A5CD7ED-0E55-42FD-8940-B062ED5702E3}"
EndProject
Global
	GlobalSection(SolutionConfigurationPlatforms) = preSolution
		Debug|Any CPU = Debug|Any CPU
		Release|Any CPU = Release|Any CPU
	EndGlobalSection
	GlobalSection(ProjectConfigurationPlatforms) = postSolution
		{6A5CD7ED-0E55-42FD-8940-B062ED5702E3}.Debug|Any CPU.ActiveCfg = Debug|Any CPU
		{6A5CD7ED-0E55-42FD-8940-B062ED5702E3}.Debug|Any CPU.Build.0 = Debug|Any CPU
		{6A5CD7ED-0E55-42FD-8940-B062ED5702E3}.Release|Any CPU.ActiveCfg = Release|Any CPU
		{6A5CD7ED-0E55-42FD-8940-B062ED5702E3}.Release|Any CPU.Build.0 = Release|Any CPU
	EndGlobalSection
	GlobalSection(SolutionProperties) = preSolution
		HideSolutionNode = FALSE
	EndGlobalSection
	GlobalSection(ExtensibilityGlobals) = postSolution
		SolutionGuid = {C5CE351A-DD57-47A3-BD30-6AADD0CC87C2}
	EndGlobalSection
EndGlobal
